// !$*UTF8*$!
{
	archiveVersion = 1;
	classes = {
	};
	objectVersion = 50;
	objects = {

/* Begin PBXBuildFile section */
		8E3AEED0359408CCC9B9A3BA /* Pods_Auto_Layout_Example.framework in Frameworks */ = {isa = PBXBuildFile; fileRef = 647EFFAD4022F0CBD5BDBDB6 /* Pods_Auto_Layout_Example.framework */; };
		954B5AB52562515800EC4170 /* ColorPallete.xcassets in Resources */ = {isa = PBXBuildFile; fileRef = 954B5AB42562515800EC4170 /* ColorPallete.xcassets */; };
		9556EDBA256387560095C7E6 /* colors.swift in Sources */ = {isa = PBXBuildFile; fileRef = 9556EDB9256387560095C7E6 /* colors.swift */; };
		9556EDBF256388590095C7E6 /* LaunchScreen.storyboard in Resources */ = {isa = PBXBuildFile; fileRef = 9556EDBE256388590095C7E6 /* LaunchScreen.storyboard */; };
		9556EDC225638A490095C7E6 /* UIView+Extennsions.swift in Sources */ = {isa = PBXBuildFile; fileRef = 9556EDC125638A490095C7E6 /* UIView+Extennsions.swift */; };
		9556EDD32564D85C0095C7E6 /* Networking.swift in Sources */ = {isa = PBXBuildFile; fileRef = 9556EDD22564D85C0095C7E6 /* Networking.swift */; };
		9556EDD62564D86D0095C7E6 /* EndpointType.swift in Sources */ = {isa = PBXBuildFile; fileRef = 9556EDD52564D86D0095C7E6 /* EndpointType.swift */; };
		9556EDD92564D8A40095C7E6 /* TallinnJobApi.swift in Sources */ = {isa = PBXBuildFile; fileRef = 9556EDD82564D8A40095C7E6 /* TallinnJobApi.swift */; };
		9556EDDC2564D9500095C7E6 /* Employees.swift in Sources */ = {isa = PBXBuildFile; fileRef = 9556EDDB2564D9500095C7E6 /* Employees.swift */; };
		9556EDDF2564D9720095C7E6 /* Employee.swift in Sources */ = {isa = PBXBuildFile; fileRef = 9556EDDE2564D9720095C7E6 /* Employee.swift */; };
		9556EDE22564D9800095C7E6 /* Response.swift in Sources */ = {isa = PBXBuildFile; fileRef = 9556EDE12564D9800095C7E6 /* Response.swift */; };
		9556EDE52564DAA10095C7E6 /* ContactDetails.swift in Sources */ = {isa = PBXBuildFile; fileRef = 9556EDE42564DAA10095C7E6 /* ContactDetails.swift */; };
		9556EDEA2564E0CA0095C7E6 /* TartuJobApi.swift in Sources */ = {isa = PBXBuildFile; fileRef = 9556EDE92564E0CA0095C7E6 /* TartuJobApi.swift */; };
		9556EDF0256518690095C7E6 /* OnboardingViewModel.swift in Sources */ = {isa = PBXBuildFile; fileRef = 9556EDEF256518690095C7E6 /* OnboardingViewModel.swift */; };
		9556EDF4256519840095C7E6 /* OnboardingView.swift in Sources */ = {isa = PBXBuildFile; fileRef = 9556EDF3256519840095C7E6 /* OnboardingView.swift */; };
		9556EDFA25652E560095C7E6 /* OnboardingViewController.swift in Sources */ = {isa = PBXBuildFile; fileRef = 9556EDF925652E560095C7E6 /* OnboardingViewController.swift */; };
		9556EDFE25652EFD0095C7E6 /* CollectionViewData.swift in Sources */ = {isa = PBXBuildFile; fileRef = 9556EDFD25652EFD0095C7E6 /* CollectionViewData.swift */; };
		9556EE09256591490095C7E6 /* ContactListController.swift in Sources */ = {isa = PBXBuildFile; fileRef = 9556EE08256591490095C7E6 /* ContactListController.swift */; };
		9556EE0C2565927B0095C7E6 /* ContactListViewModel.swift in Sources */ = {isa = PBXBuildFile; fileRef = 9556EE0B2565927B0095C7E6 /* ContactListViewModel.swift */; };
		9556EE10256630210095C7E6 /* ContactDetailsView.swift in Sources */ = {isa = PBXBuildFile; fileRef = 9556EE0F256630210095C7E6 /* ContactDetailsView.swift */; };
		9556EE14256658470095C7E6 /* BadgeView.swift in Sources */ = {isa = PBXBuildFile; fileRef = 9556EE13256658470095C7E6 /* BadgeView.swift */; };
		9556EE1725665F450095C7E6 /* UILabel+Extennsions.swift in Sources */ = {isa = PBXBuildFile; fileRef = 9556EE1625665F450095C7E6 /* UILabel+Extennsions.swift */; };
		9556EE1A2567C79E0095C7E6 /* ProfilePhotoView.swift in Sources */ = {isa = PBXBuildFile; fileRef = 9556EE192567C79E0095C7E6 /* ProfilePhotoView.swift */; };
		9556EE1D25698DB50095C7E6 /* UIButtton+Extennsions.swift in Sources */ = {isa = PBXBuildFile; fileRef = 9556EE1C25698DB50095C7E6 /* UIButtton+Extennsions.swift */; };
		9556EE22256BDDFF0095C7E6 /* MainCoordinator.swift in Sources */ = {isa = PBXBuildFile; fileRef = 9556EE21256BDDFF0095C7E6 /* MainCoordinator.swift */; };
		9556EE25256C458A0095C7E6 /* NavigationController.swift in Sources */ = {isa = PBXBuildFile; fileRef = 9556EE24256C458A0095C7E6 /* NavigationController.swift */; };
		9556EE28256D3F710095C7E6 /* EmployeesSection.swift in Sources */ = {isa = PBXBuildFile; fileRef = 9556EE27256D3F710095C7E6 /* EmployeesSection.swift */; };
		9556EE44256F98750095C7E6 /* SectionHeaderView.swift in Sources */ = {isa = PBXBuildFile; fileRef = 9556EE43256F98750095C7E6 /* SectionHeaderView.swift */; };
		956C0F63255EEC49000831FC /* AppDelegate.swift in Sources */ = {isa = PBXBuildFile; fileRef = 956C0F62255EEC49000831FC /* AppDelegate.swift */; };
		956C0F6C255EEC4B000831FC /* Assets.xcassets in Resources */ = {isa = PBXBuildFile; fileRef = 956C0F6B255EEC4B000831FC /* Assets.xcassets */; };
		95C15B1D255FE218003A56D1 /* PageCellView.swift in Sources */ = {isa = PBXBuildFile; fileRef = 95C15B1C255FE218003A56D1 /* PageCellView.swift */; };
		95C15B20255FEF2B003A56D1 /* K.swift in Sources */ = {isa = PBXBuildFile; fileRef = 95C15B1F255FEF2B003A56D1 /* K.swift */; };
		95C15B23255FF2CD003A56D1 /* Page.swift in Sources */ = {isa = PBXBuildFile; fileRef = 95C15B22255FF2CD003A56D1 /* Page.swift */; };
/* End PBXBuildFile section */

/* Begin PBXFileReference section */
		647EFFAD4022F0CBD5BDBDB6 /* Pods_Auto_Layout_Example.framework */ = {isa = PBXFileReference; explicitFileType = wrapper.framework; includeInIndex = 0; path = Pods_Auto_Layout_Example.framework; sourceTree = BUILT_PRODUCTS_DIR; };
		954B5AB42562515800EC4170 /* ColorPallete.xcassets */ = {isa = PBXFileReference; lastKnownFileType = folder.assetcatalog; path = ColorPallete.xcassets; sourceTree = "<group>"; };
		9556EDB9256387560095C7E6 /* colors.swift */ = {isa = PBXFileReference; lastKnownFileType = sourcecode.swift; path = colors.swift; sourceTree = "<group>"; };
		9556EDBE256388590095C7E6 /* LaunchScreen.storyboard */ = {isa = PBXFileReference; lastKnownFileType = file.storyboard; path = LaunchScreen.storyboard; sourceTree = "<group>"; };
		9556EDC125638A490095C7E6 /* UIView+Extennsions.swift */ = {isa = PBXFileReference; lastKnownFileType = sourcecode.swift; path = "UIView+Extennsions.swift"; sourceTree = "<group>"; };
		9556EDD22564D85C0095C7E6 /* Networking.swift */ = {isa = PBXFileReference; lastKnownFileType = sourcecode.swift; path = Networking.swift; sourceTree = "<group>"; };
		9556EDD52564D86D0095C7E6 /* EndpointType.swift */ = {isa = PBXFileReference; lastKnownFileType = sourcecode.swift; path = EndpointType.swift; sourceTree = "<group>"; };
		9556EDD82564D8A40095C7E6 /* TallinnJobApi.swift */ = {isa = PBXFileReference; lastKnownFileType = sourcecode.swift; path = TallinnJobApi.swift; sourceTree = "<group>"; };
		9556EDDB2564D9500095C7E6 /* Employees.swift */ = {isa = PBXFileReference; lastKnownFileType = sourcecode.swift; path = Employees.swift; sourceTree = "<group>"; };
		9556EDDE2564D9720095C7E6 /* Employee.swift */ = {isa = PBXFileReference; lastKnownFileType = sourcecode.swift; path = Employee.swift; sourceTree = "<group>"; };
		9556EDE12564D9800095C7E6 /* Response.swift */ = {isa = PBXFileReference; lastKnownFileType = sourcecode.swift; path = Response.swift; sourceTree = "<group>"; };
		9556EDE42564DAA10095C7E6 /* ContactDetails.swift */ = {isa = PBXFileReference; lastKnownFileType = sourcecode.swift; path = ContactDetails.swift; sourceTree = "<group>"; };
		9556EDE92564E0CA0095C7E6 /* TartuJobApi.swift */ = {isa = PBXFileReference; lastKnownFileType = sourcecode.swift; path = TartuJobApi.swift; sourceTree = "<group>"; };
		9556EDEF256518690095C7E6 /* OnboardingViewModel.swift */ = {isa = PBXFileReference; lastKnownFileType = sourcecode.swift; path = OnboardingViewModel.swift; sourceTree = "<group>"; };
		9556EDF3256519840095C7E6 /* OnboardingView.swift */ = {isa = PBXFileReference; lastKnownFileType = sourcecode.swift; path = OnboardingView.swift; sourceTree = "<group>"; };
		9556EDF925652E560095C7E6 /* OnboardingViewController.swift */ = {isa = PBXFileReference; lastKnownFileType = sourcecode.swift; path = OnboardingViewController.swift; sourceTree = "<group>"; };
		9556EDFD25652EFD0095C7E6 /* CollectionViewData.swift */ = {isa = PBXFileReference; lastKnownFileType = sourcecode.swift; path = CollectionViewData.swift; sourceTree = "<group>"; };
		9556EE08256591490095C7E6 /* ContactListController.swift */ = {isa = PBXFileReference; lastKnownFileType = sourcecode.swift; path = ContactListController.swift; sourceTree = "<group>"; };
		9556EE0B2565927B0095C7E6 /* ContactListViewModel.swift */ = {isa = PBXFileReference; lastKnownFileType = sourcecode.swift; path = ContactListViewModel.swift; sourceTree = "<group>"; };
		9556EE0F256630210095C7E6 /* ContactDetailsView.swift */ = {isa = PBXFileReference; lastKnownFileType = sourcecode.swift; path = ContactDetailsView.swift; sourceTree = "<group>"; };
		9556EE13256658470095C7E6 /* BadgeView.swift */ = {isa = PBXFileReference; lastKnownFileType = sourcecode.swift; path = BadgeView.swift; sourceTree = "<group>"; };
		9556EE1625665F450095C7E6 /* UILabel+Extennsions.swift */ = {isa = PBXFileReference; lastKnownFileType = sourcecode.swift; path = "UILabel+Extennsions.swift"; sourceTree = "<group>"; };
		9556EE192567C79E0095C7E6 /* ProfilePhotoView.swift */ = {isa = PBXFileReference; lastKnownFileType = sourcecode.swift; path = ProfilePhotoView.swift; sourceTree = "<group>"; };
		9556EE1C25698DB50095C7E6 /* UIButtton+Extennsions.swift */ = {isa = PBXFileReference; lastKnownFileType = sourcecode.swift; path = "UIButtton+Extennsions.swift"; sourceTree = "<group>"; };
		9556EE21256BDDFF0095C7E6 /* MainCoordinator.swift */ = {isa = PBXFileReference; lastKnownFileType = sourcecode.swift; path = MainCoordinator.swift; sourceTree = "<group>"; };
		9556EE24256C458A0095C7E6 /* NavigationController.swift */ = {isa = PBXFileReference; lastKnownFileType = sourcecode.swift; path = NavigationController.swift; sourceTree = "<group>"; };
		9556EE27256D3F710095C7E6 /* EmployeesSection.swift */ = {isa = PBXFileReference; lastKnownFileType = sourcecode.swift; path = EmployeesSection.swift; sourceTree = "<group>"; };
		9556EE43256F98750095C7E6 /* SectionHeaderView.swift */ = {isa = PBXFileReference; lastKnownFileType = sourcecode.swift; path = SectionHeaderView.swift; sourceTree = "<group>"; };
		956C0F5F255EEC49000831FC /* Auto Layout Example.app */ = {isa = PBXFileReference; explicitFileType = wrapper.application; includeInIndex = 0; path = "Auto Layout Example.app"; sourceTree = BUILT_PRODUCTS_DIR; };
		956C0F62255EEC49000831FC /* AppDelegate.swift */ = {isa = PBXFileReference; lastKnownFileType = sourcecode.swift; path = AppDelegate.swift; sourceTree = "<group>"; };
		956C0F6B255EEC4B000831FC /* Assets.xcassets */ = {isa = PBXFileReference; lastKnownFileType = folder.assetcatalog; path = Assets.xcassets; sourceTree = "<group>"; };
		956C0F70255EEC4B000831FC /* Info.plist */ = {isa = PBXFileReference; lastKnownFileType = text.plist.xml; path = Info.plist; sourceTree = "<group>"; };
		95C15B1C255FE218003A56D1 /* PageCellView.swift */ = {isa = PBXFileReference; lastKnownFileType = sourcecode.swift; path = PageCellView.swift; sourceTree = "<group>"; };
		95C15B1F255FEF2B003A56D1 /* K.swift */ = {isa = PBXFileReference; lastKnownFileType = sourcecode.swift; path = K.swift; sourceTree = "<group>"; };
		95C15B22255FF2CD003A56D1 /* Page.swift */ = {isa = PBXFileReference; lastKnownFileType = sourcecode.swift; path = Page.swift; sourceTree = "<group>"; };
		D8F737FC61670F90B51D4763 /* Pods-Auto Layout Example.release.xcconfig */ = {isa = PBXFileReference; includeInIndex = 1; lastKnownFileType = text.xcconfig; name = "Pods-Auto Layout Example.release.xcconfig"; path = "Target Support Files/Pods-Auto Layout Example/Pods-Auto Layout Example.release.xcconfig"; sourceTree = "<group>"; };
		F9181B704DCCE62068F2F2FD /* Pods-Auto Layout Example.debug.xcconfig */ = {isa = PBXFileReference; includeInIndex = 1; lastKnownFileType = text.xcconfig; name = "Pods-Auto Layout Example.debug.xcconfig"; path = "Target Support Files/Pods-Auto Layout Example/Pods-Auto Layout Example.debug.xcconfig"; sourceTree = "<group>"; };
/* End PBXFileReference section */

/* Begin PBXFrameworksBuildPhase section */
		956C0F5C255EEC49000831FC /* Frameworks */ = {
			isa = PBXFrameworksBuildPhase;
			buildActionMask = 2147483647;
			files = (
				8E3AEED0359408CCC9B9A3BA /* Pods_Auto_Layout_Example.framework in Frameworks */,
			);
			runOnlyForDeploymentPostprocessing = 0;
		};
/* End PBXFrameworksBuildPhase section */

/* Begin PBXGroup section */
		11F876EF9616F8CA7695CFAC /* Pods */ = {
			isa = PBXGroup;
			children = (
				F9181B704DCCE62068F2F2FD /* Pods-Auto Layout Example.debug.xcconfig */,
				D8F737FC61670F90B51D4763 /* Pods-Auto Layout Example.release.xcconfig */,
			);
			path = Pods;
			sourceTree = "<group>";
		};
		9556EDC425638A580095C7E6 /* Extensions */ = {
			isa = PBXGroup;
			children = (
				9556EDC125638A490095C7E6 /* UIView+Extennsions.swift */,
				9556EE1625665F450095C7E6 /* UILabel+Extennsions.swift */,
				9556EE1C25698DB50095C7E6 /* UIButtton+Extennsions.swift */,
			);
			path = Extensions;
			sourceTree = "<group>";
		};
		9556EDCF2564D77D0095C7E6 /* Networking */ = {
			isa = PBXGroup;
			children = (
				9556EDD22564D85C0095C7E6 /* Networking.swift */,
				9556EDD52564D86D0095C7E6 /* EndpointType.swift */,
				9556EDD82564D8A40095C7E6 /* TallinnJobApi.swift */,
				9556EDE92564E0CA0095C7E6 /* TartuJobApi.swift */,
			);
			path = Networking;
			sourceTree = "<group>";
		};
		9556EDF22565195A0095C7E6 /* Onboarding */ = {
			isa = PBXGroup;
			children = (
				9556EDF3256519840095C7E6 /* OnboardingView.swift */,
				95C15B1C255FE218003A56D1 /* PageCellView.swift */,
			);
			path = Onboarding;
			sourceTree = "<group>";
		};
		9556EDF825652DD60095C7E6 /* Onboarding */ = {
			isa = PBXGroup;
			children = (
				9556EDF925652E560095C7E6 /* OnboardingViewController.swift */,
				9556EDFD25652EFD0095C7E6 /* CollectionViewData.swift */,
			);
			path = Onboarding;
			sourceTree = "<group>";
		};
		9556EE03256590D20095C7E6 /* ContactList */ = {
			isa = PBXGroup;
			children = (
				9556EE08256591490095C7E6 /* ContactListController.swift */,
			);
			path = ContactList;
			sourceTree = "<group>";
		};
		9556EE042565910A0095C7E6 /* ContactList */ = {
			isa = PBXGroup;
			children = (
				9556EE43256F98750095C7E6 /* SectionHeaderView.swift */,
			);
			path = ContactList;
			sourceTree = "<group>";
		};
		9556EE0E25662FFC0095C7E6 /* ContactDetails */ = {
			isa = PBXGroup;
			children = (
				9556EE0F256630210095C7E6 /* ContactDetailsView.swift */,
				9556EE13256658470095C7E6 /* BadgeView.swift */,
				9556EE192567C79E0095C7E6 /* ProfilePhotoView.swift */,
			);
			path = ContactDetails;
			sourceTree = "<group>";
		};
		956C0F56255EEC49000831FC = {
			isa = PBXGroup;
			children = (
				956C0F61255EEC49000831FC /* Auto Layout Example */,
				956C0F60255EEC49000831FC /* Products */,
				11F876EF9616F8CA7695CFAC /* Pods */,
				EF03727A07D547B2391AA22A /* Frameworks */,
			);
			sourceTree = "<group>";
		};
		956C0F60255EEC49000831FC /* Products */ = {
			isa = PBXGroup;
			children = (
				956C0F5F255EEC49000831FC /* Auto Layout Example.app */,
			);
			name = Products;
			sourceTree = "<group>";
		};
		956C0F61255EEC49000831FC /* Auto Layout Example */ = {
			isa = PBXGroup;
			children = (
				9556EDCF2564D77D0095C7E6 /* Networking */,
				9556EDC425638A580095C7E6 /* Extensions */,
				95C15B27256006E3003A56D1 /* Controller */,
				95C15B26256006DA003A56D1 /* View */,
				95C15B25256006CC003A56D1 /* Model */,
				956C0F62255EEC49000831FC /* AppDelegate.swift */,
				956C0F6B255EEC4B000831FC /* Assets.xcassets */,
				956C0F70255EEC4B000831FC /* Info.plist */,
				95C15B1F255FEF2B003A56D1 /* K.swift */,
				954B5AB42562515800EC4170 /* ColorPallete.xcassets */,
				9556EDBE256388590095C7E6 /* LaunchScreen.storyboard */,
				9556EDB9256387560095C7E6 /* colors.swift */,
			);
			path = "Auto Layout Example";
			sourceTree = "<group>";
		};
		95C15B25256006CC003A56D1 /* Model */ = {
			isa = PBXGroup;
			children = (
				95C15B22255FF2CD003A56D1 /* Page.swift */,
				9556EDDB2564D9500095C7E6 /* Employees.swift */,
				9556EDDE2564D9720095C7E6 /* Employee.swift */,
				9556EDE12564D9800095C7E6 /* Response.swift */,
				9556EDE42564DAA10095C7E6 /* ContactDetails.swift */,
				9556EDEF256518690095C7E6 /* OnboardingViewModel.swift */,
				9556EE0B2565927B0095C7E6 /* ContactListViewModel.swift */,
				9556EE27256D3F710095C7E6 /* EmployeesSection.swift */,
			);
			path = Model;
			sourceTree = "<group>";
		};
		95C15B26256006DA003A56D1 /* View */ = {
			isa = PBXGroup;
			children = (
				9556EE0E25662FFC0095C7E6 /* ContactDetails */,
				9556EE042565910A0095C7E6 /* ContactList */,
				9556EDF22565195A0095C7E6 /* Onboarding */,
			);
			path = View;
			sourceTree = "<group>";
		};
		95C15B27256006E3003A56D1 /* Controller */ = {
			isa = PBXGroup;
			children = (
				9556EE03256590D20095C7E6 /* ContactList */,
				9556EDF825652DD60095C7E6 /* Onboarding */,
				9556EE21256BDDFF0095C7E6 /* MainCoordinator.swift */,
				9556EE24256C458A0095C7E6 /* NavigationController.swift */,
			);
			path = Controller;
			sourceTree = "<group>";
		};
		EF03727A07D547B2391AA22A /* Frameworks */ = {
			isa = PBXGroup;
			children = (
				647EFFAD4022F0CBD5BDBDB6 /* Pods_Auto_Layout_Example.framework */,
			);
			name = Frameworks;
			sourceTree = "<group>";
		};
/* End PBXGroup section */

/* Begin PBXNativeTarget section */
		956C0F5E255EEC49000831FC /* Auto Layout Example */ = {
			isa = PBXNativeTarget;
			buildConfigurationList = 956C0F73255EEC4B000831FC /* Build configuration list for PBXNativeTarget "Auto Layout Example" */;
			buildPhases = (
				09CB8FFADC0E50C7D89E577D /* [CP] Check Pods Manifest.lock */,
				956C0F5B255EEC49000831FC /* Sources */,
				956C0F5C255EEC49000831FC /* Frameworks */,
				956C0F5D255EEC49000831FC /* Resources */,
				9556EDAE25626E140095C7E6 /* SwiftLint */,
			);
			buildRules = (
			);
			dependencies = (
			);
			name = "Auto Layout Example";
			productName = "Auto Layout Example";
			productReference = 956C0F5F255EEC49000831FC /* Auto Layout Example.app */;
			productType = "com.apple.product-type.application";
		};
/* End PBXNativeTarget section */

/* Begin PBXProject section */
		956C0F57255EEC49000831FC /* Project object */ = {
			isa = PBXProject;
			attributes = {
				LastSwiftUpdateCheck = 1210;
				LastUpgradeCheck = 1210;
				TargetAttributes = {
					956C0F5E255EEC49000831FC = {
						CreatedOnToolsVersion = 12.1;
					};
				};
			};
			buildConfigurationList = 956C0F5A255EEC49000831FC /* Build configuration list for PBXProject "Auto Layout Example" */;
			compatibilityVersion = "Xcode 9.3";
			developmentRegion = en;
			hasScannedForEncodings = 0;
			knownRegions = (
				en,
				Base,
			);
			mainGroup = 956C0F56255EEC49000831FC;
			productRefGroup = 956C0F60255EEC49000831FC /* Products */;
			projectDirPath = "";
			projectRoot = "";
			targets = (
				956C0F5E255EEC49000831FC /* Auto Layout Example */,
			);
		};
/* End PBXProject section */

/* Begin PBXResourcesBuildPhase section */
		956C0F5D255EEC49000831FC /* Resources */ = {
			isa = PBXResourcesBuildPhase;
			buildActionMask = 2147483647;
			files = (
				9556EDBF256388590095C7E6 /* LaunchScreen.storyboard in Resources */,
				956C0F6C255EEC4B000831FC /* Assets.xcassets in Resources */,
				954B5AB52562515800EC4170 /* ColorPallete.xcassets in Resources */,
			);
			runOnlyForDeploymentPostprocessing = 0;
		};
/* End PBXResourcesBuildPhase section */

/* Begin PBXShellScriptBuildPhase section */
		09CB8FFADC0E50C7D89E577D /* [CP] Check Pods Manifest.lock */ = {
			isa = PBXShellScriptBuildPhase;
			buildActionMask = 2147483647;
			files = (
			);
			inputFileListPaths = (
			);
			inputPaths = (
				"${PODS_PODFILE_DIR_PATH}/Podfile.lock",
				"${PODS_ROOT}/Manifest.lock",
			);
			name = "[CP] Check Pods Manifest.lock";
			outputFileListPaths = (
			);
			outputPaths = (
				"$(DERIVED_FILE_DIR)/Pods-Auto Layout Example-checkManifestLockResult.txt",
			);
			runOnlyForDeploymentPostprocessing = 0;
			shellPath = /bin/sh;
			shellScript = "diff \"${PODS_PODFILE_DIR_PATH}/Podfile.lock\" \"${PODS_ROOT}/Manifest.lock\" > /dev/null\nif [ $? != 0 ] ; then\n    # print error to STDERR\n    echo \"error: The sandbox is not in sync with the Podfile.lock. Run 'pod install' or update your CocoaPods installation.\" >&2\n    exit 1\nfi\n# This output is used by Xcode 'outputs' to avoid re-running this script phase.\necho \"SUCCESS\" > \"${SCRIPT_OUTPUT_FILE_0}\"\n";
			showEnvVarsInLog = 0;
		};
		9556EDAE25626E140095C7E6 /* SwiftLint */ = {
			isa = PBXShellScriptBuildPhase;
			buildActionMask = 2147483647;
			files = (
			);
			inputFileListPaths = (
			);
			inputPaths = (
			);
			name = SwiftLint;
			outputFileListPaths = (
			);
			outputPaths = (
			);
			runOnlyForDeploymentPostprocessing = 0;
			shellPath = /bin/sh;
			shellScript = "if which swiftlint >/dev/null; then\n  swiftlint autocorrect && swiftlint\nelse\n  echo \"warning: SwiftLint not installed, download from https://github.com/realm/SwiftLint\"\nfi\n";
		};
/* End PBXShellScriptBuildPhase section */

/* Begin PBXSourcesBuildPhase section */
		956C0F5B255EEC49000831FC /* Sources */ = {
			isa = PBXSourcesBuildPhase;
			buildActionMask = 2147483647;
			files = (
				9556EDE52564DAA10095C7E6 /* ContactDetails.swift in Sources */,
				9556EDEA2564E0CA0095C7E6 /* TartuJobApi.swift in Sources */,
				9556EDD32564D85C0095C7E6 /* Networking.swift in Sources */,
				95C15B1D255FE218003A56D1 /* PageCellView.swift in Sources */,
				9556EDFE25652EFD0095C7E6 /* CollectionViewData.swift in Sources */,
				9556EE25256C458A0095C7E6 /* NavigationController.swift in Sources */,
				9556EE14256658470095C7E6 /* BadgeView.swift in Sources */,
				9556EE44256F98750095C7E6 /* SectionHeaderView.swift in Sources */,
				9556EDDF2564D9720095C7E6 /* Employee.swift in Sources */,
				9556EDE22564D9800095C7E6 /* Response.swift in Sources */,
				9556EDFA25652E560095C7E6 /* OnboardingViewController.swift in Sources */,
				9556EDBA256387560095C7E6 /* colors.swift in Sources */,
				956C0F63255EEC49000831FC /* AppDelegate.swift in Sources */,
				95C15B20255FEF2B003A56D1 /* K.swift in Sources */,
				9556EE1A2567C79E0095C7E6 /* ProfilePhotoView.swift in Sources */,
				9556EE10256630210095C7E6 /* ContactDetailsView.swift in Sources */,
				9556EE0C2565927B0095C7E6 /* ContactListViewModel.swift in Sources */,
				9556EDF4256519840095C7E6 /* OnboardingView.swift in Sources */,
				9556EDDC2564D9500095C7E6 /* Employees.swift in Sources */,
				9556EE09256591490095C7E6 /* ContactListController.swift in Sources */,
				9556EE1725665F450095C7E6 /* UILabel+Extennsions.swift in Sources */,
				9556EE1D25698DB50095C7E6 /* UIButtton+Extennsions.swift in Sources */,
				9556EDC225638A490095C7E6 /* UIView+Extennsions.swift in Sources */,
				9556EDF0256518690095C7E6 /* OnboardingViewModel.swift in Sources */,
				9556EE28256D3F710095C7E6 /* EmployeesSection.swift in Sources */,
				9556EDD92564D8A40095C7E6 /* TallinnJobApi.swift in Sources */,
				9556EDD62564D86D0095C7E6 /* EndpointType.swift in Sources */,
				9556EE22256BDDFF0095C7E6 /* MainCoordinator.swift in Sources */,
				95C15B23255FF2CD003A56D1 /* Page.swift in Sources */,
			);
			runOnlyForDeploymentPostprocessing = 0;
		};
/* End PBXSourcesBuildPhase section */

/* Begin XCBuildConfiguration section */
		956C0F71255EEC4B000831FC /* Debug */ = {
			isa = XCBuildConfiguration;
			buildSettings = {
				ALWAYS_SEARCH_USER_PATHS = NO;
				CLANG_ANALYZER_NONNULL = YES;
				CLANG_ANALYZER_NUMBER_OBJECT_CONVERSION = YES_AGGRESSIVE;
				CLANG_CXX_LANGUAGE_STANDARD = "gnu++14";
				CLANG_CXX_LIBRARY = "libc++";
				CLANG_ENABLE_MODULES = YES;
				CLANG_ENABLE_OBJC_ARC = YES;
				CLANG_ENABLE_OBJC_WEAK = YES;
				CLANG_WARN_BLOCK_CAPTURE_AUTORELEASING = YES;
				CLANG_WARN_BOOL_CONVERSION = YES;
				CLANG_WARN_COMMA = YES;
				CLANG_WARN_CONSTANT_CONVERSION = YES;
				CLANG_WARN_DEPRECATED_OBJC_IMPLEMENTATIONS = YES;
				CLANG_WARN_DIRECT_OBJC_ISA_USAGE = YES_ERROR;
				CLANG_WARN_DOCUMENTATION_COMMENTS = YES;
				CLANG_WARN_EMPTY_BODY = YES;
				CLANG_WARN_ENUM_CONVERSION = YES;
				CLANG_WARN_INFINITE_RECURSION = YES;
				CLANG_WARN_INT_CONVERSION = YES;
				CLANG_WARN_NON_LITERAL_NULL_CONVERSION = YES;
				CLANG_WARN_OBJC_IMPLICIT_RETAIN_SELF = YES;
				CLANG_WARN_OBJC_LITERAL_CONVERSION = YES;
				CLANG_WARN_OBJC_ROOT_CLASS = YES_ERROR;
				CLANG_WARN_QUOTED_INCLUDE_IN_FRAMEWORK_HEADER = YES;
				CLANG_WARN_RANGE_LOOP_ANALYSIS = YES;
				CLANG_WARN_STRICT_PROTOTYPES = YES;
				CLANG_WARN_SUSPICIOUS_MOVE = YES;
				CLANG_WARN_UNGUARDED_AVAILABILITY = YES_AGGRESSIVE;
				CLANG_WARN_UNREACHABLE_CODE = YES;
				CLANG_WARN__DUPLICATE_METHOD_MATCH = YES;
				COPY_PHASE_STRIP = NO;
				DEBUG_INFORMATION_FORMAT = dwarf;
				ENABLE_STRICT_OBJC_MSGSEND = YES;
				ENABLE_TESTABILITY = YES;
				GCC_C_LANGUAGE_STANDARD = gnu11;
				GCC_DYNAMIC_NO_PIC = NO;
				GCC_NO_COMMON_BLOCKS = YES;
				GCC_OPTIMIZATION_LEVEL = 0;
				GCC_PREPROCESSOR_DEFINITIONS = (
					"DEBUG=1",
					"$(inherited)",
				);
				GCC_WARN_64_TO_32_BIT_CONVERSION = YES;
				GCC_WARN_ABOUT_RETURN_TYPE = YES_ERROR;
				GCC_WARN_UNDECLARED_SELECTOR = YES;
				GCC_WARN_UNINITIALIZED_AUTOS = YES_AGGRESSIVE;
				GCC_WARN_UNUSED_FUNCTION = YES;
				GCC_WARN_UNUSED_VARIABLE = YES;
				IPHONEOS_DEPLOYMENT_TARGET = 14.1;
				MTL_ENABLE_DEBUG_INFO = INCLUDE_SOURCE;
				MTL_FAST_MATH = YES;
				ONLY_ACTIVE_ARCH = YES;
				SDKROOT = iphoneos;
				SWIFT_ACTIVE_COMPILATION_CONDITIONS = DEBUG;
				SWIFT_OPTIMIZATION_LEVEL = "-Onone";
			};
			name = Debug;
		};
		956C0F72255EEC4B000831FC /* Release */ = {
			isa = XCBuildConfiguration;
			buildSettings = {
				ALWAYS_SEARCH_USER_PATHS = NO;
				CLANG_ANALYZER_NONNULL = YES;
				CLANG_ANALYZER_NUMBER_OBJECT_CONVERSION = YES_AGGRESSIVE;
				CLANG_CXX_LANGUAGE_STANDARD = "gnu++14";
				CLANG_CXX_LIBRARY = "libc++";
				CLANG_ENABLE_MODULES = YES;
				CLANG_ENABLE_OBJC_ARC = YES;
				CLANG_ENABLE_OBJC_WEAK = YES;
				CLANG_WARN_BLOCK_CAPTURE_AUTORELEASING = YES;
				CLANG_WARN_BOOL_CONVERSION = YES;
				CLANG_WARN_COMMA = YES;
				CLANG_WARN_CONSTANT_CONVERSION = YES;
				CLANG_WARN_DEPRECATED_OBJC_IMPLEMENTATIONS = YES;
				CLANG_WARN_DIRECT_OBJC_ISA_USAGE = YES_ERROR;
				CLANG_WARN_DOCUMENTATION_COMMENTS = YES;
				CLANG_WARN_EMPTY_BODY = YES;
				CLANG_WARN_ENUM_CONVERSION = YES;
				CLANG_WARN_INFINITE_RECURSION = YES;
				CLANG_WARN_INT_CONVERSION = YES;
				CLANG_WARN_NON_LITERAL_NULL_CONVERSION = YES;
				CLANG_WARN_OBJC_IMPLICIT_RETAIN_SELF = YES;
				CLANG_WARN_OBJC_LITERAL_CONVERSION = YES;
				CLANG_WARN_OBJC_ROOT_CLASS = YES_ERROR;
				CLANG_WARN_QUOTED_INCLUDE_IN_FRAMEWORK_HEADER = YES;
				CLANG_WARN_RANGE_LOOP_ANALYSIS = YES;
				CLANG_WARN_STRICT_PROTOTYPES = YES;
				CLANG_WARN_SUSPICIOUS_MOVE = YES;
				CLANG_WARN_UNGUARDED_AVAILABILITY = YES_AGGRESSIVE;
				CLANG_WARN_UNREACHABLE_CODE = YES;
				CLANG_WARN__DUPLICATE_METHOD_MATCH = YES;
				COPY_PHASE_STRIP = NO;
				DEBUG_INFORMATION_FORMAT = "dwarf-with-dsym";
				ENABLE_NS_ASSERTIONS = NO;
				ENABLE_STRICT_OBJC_MSGSEND = YES;
				GCC_C_LANGUAGE_STANDARD = gnu11;
				GCC_NO_COMMON_BLOCKS = YES;
				GCC_WARN_64_TO_32_BIT_CONVERSION = YES;
				GCC_WARN_ABOUT_RETURN_TYPE = YES_ERROR;
				GCC_WARN_UNDECLARED_SELECTOR = YES;
				GCC_WARN_UNINITIALIZED_AUTOS = YES_AGGRESSIVE;
				GCC_WARN_UNUSED_FUNCTION = YES;
				GCC_WARN_UNUSED_VARIABLE = YES;
				IPHONEOS_DEPLOYMENT_TARGET = 14.1;
				MTL_ENABLE_DEBUG_INFO = NO;
				MTL_FAST_MATH = YES;
				SDKROOT = iphoneos;
				SWIFT_COMPILATION_MODE = wholemodule;
				SWIFT_OPTIMIZATION_LEVEL = "-O";
				VALIDATE_PRODUCT = YES;
			};
			name = Release;
		};
		956C0F74255EEC4B000831FC /* Debug */ = {
			isa = XCBuildConfiguration;
			baseConfigurationReference = F9181B704DCCE62068F2F2FD /* Pods-Auto Layout Example.debug.xcconfig */;
			buildSettings = {
				ASSETCATALOG_COMPILER_APPICON_NAME = AppIcon;
				ASSETCATALOG_COMPILER_GLOBAL_ACCENT_COLOR_NAME = AccentColor;
				CODE_SIGN_STYLE = Automatic;
				INFOPLIST_FILE = "Auto Layout Example/Info.plist";
				LD_RUNPATH_SEARCH_PATHS = (
					"$(inherited)",
					"@executable_path/Frameworks",
				);
				PRODUCT_BUNDLE_IDENTIFIER = "com.anna-morawska.Auto-Layout-Example";
				PRODUCT_NAME = "$(TARGET_NAME)";
				SWIFT_VERSION = 5.0;
				TARGETED_DEVICE_FAMILY = "1,2";
			};
			name = Debug;
		};
		956C0F75255EEC4B000831FC /* Release */ = {
			isa = XCBuildConfiguration;
			baseConfigurationReference = D8F737FC61670F90B51D4763 /* Pods-Auto Layout Example.release.xcconfig */;
			buildSettings = {
				ASSETCATALOG_COMPILER_APPICON_NAME = AppIcon;
				ASSETCATALOG_COMPILER_GLOBAL_ACCENT_COLOR_NAME = AccentColor;
				CODE_SIGN_STYLE = Automatic;
				INFOPLIST_FILE = "Auto Layout Example/Info.plist";
				LD_RUNPATH_SEARCH_PATHS = (
					"$(inherited)",
					"@executable_path/Frameworks",
				);
				PRODUCT_BUNDLE_IDENTIFIER = "com.anna-morawska.Auto-Layout-Example";
				PRODUCT_NAME = "$(TARGET_NAME)";
				SWIFT_VERSION = 5.0;
				TARGETED_DEVICE_FAMILY = "1,2";
			};
			name = Release;
		};
/* End XCBuildConfiguration section */

/* Begin XCConfigurationList section */
		956C0F5A255EEC49000831FC /* Build configuration list for PBXProject "Auto Layout Example" */ = {
			isa = XCConfigurationList;
			buildConfigurations = (
				956C0F71255EEC4B000831FC /* Debug */,
				956C0F72255EEC4B000831FC /* Release */,
			);
			defaultConfigurationIsVisible = 0;
			defaultConfigurationName = Release;
		};
		956C0F73255EEC4B000831FC /* Build configuration list for PBXNativeTarget "Auto Layout Example" */ = {
			isa = XCConfigurationList;
			buildConfigurations = (
				956C0F74255EEC4B000831FC /* Debug */,
				956C0F75255EEC4B000831FC /* Release */,
			);
			defaultConfigurationIsVisible = 0;
			defaultConfigurationName = Release;
		};
/* End XCConfigurationList section */
	};
	rootObject = 956C0F57255EEC49000831FC /* Project object */;
}
